	
Microsoft Visual Studio Solution File, Format Version 12.00
Project("{FAE04EC0-301F-11D3-BF4B-00C04F79EFBC}") = "ExchangeOffice", "ExchangeOffice\ExchangeOffice.csproj", "{81186534-E3DC-44CD-86D2-0D8FB78C744D}"
EndProject
Project("{FAE04EC0-301F-11D3-BF4B-00C04F79EFBC}") = "DataSourceAccess", "DataSourceAccess\DataSourceAccess.csproj", "{53E455B8-CB24-4A69-A35A-680F7C3D1D7D}"
EndProject
Project("{FAE04EC0-301F-11D3-BF4B-00C04F79EFBC}") = "GraphicalUserInterface", "GraphicalUserInterface\GraphicalUserInterface.csproj", "{98D2445E-AFC3-4537-9FA5-99C7E55F87C9}"
EndProject
Project("{FAE04EC0-301F-11D3-BF4B-00C04F79EFBC}") = "ExchangeOfficeCommands", "ExchangeOfficeCommands\ExchangeOfficeCommands.csproj", "{190226C8-BA95-455B-A886-6451CD770800}"
EndProject
Project("{FAE04EC0-301F-11D3-BF4B-00C04F79EFBC}") = "BSUTPApplication", "BSUTPApplication.csproj", "{139E7585-3D42-4BE7-A1C6-EC6D20CE7BE9}"
EndProject
Global
	GlobalSection(SolutionConfigurationPlatforms) = preSolution
		Debug|Any CPU = Debug|Any CPU
		Release|Any CPU = Release|Any CPU
	EndGlobalSection
	GlobalSection(ProjectConfigurationPlatforms) = postSolution
		{81186534-E3DC-44CD-86D2-0D8FB78C744D}.Debug|Any CPU.ActiveCfg = Debug|Any CPU
		{81186534-E3DC-44CD-86D2-0D8FB78C744D}.Debug|Any CPU.Build.0 = Debug|Any CPU
		{81186534-E3DC-44CD-86D2-0D8FB78C744D}.Release|Any CPU.ActiveCfg = Release|Any CPU
		{81186534-E3DC-44CD-86D2-0D8FB78C744D}.Release|Any CPU.Build.0 = Release|Any CPU
		{53E455B8-CB24-4A69-A35A-680F7C3D1D7D}.Debug|Any CPU.ActiveCfg = Debug|Any CPU
		{53E455B8-CB24-4A69-A35A-680F7C3D1D7D}.Debug|Any CPU.Build.0 = Debug|Any CPU
		{53E455B8-CB24-4A69-A35A-680F7C3D1D7D}.Release|Any CPU.ActiveCfg = Release|Any CPU
		{53E455B8-CB24-4A69-A35A-680F7C3D1D7D}.Release|Any CPU.Build.0 = Release|Any CPU
		{98D2445E-AFC3-4537-9FA5-99C7E55F87C9}.Debug|Any CPU.ActiveCfg = Debug|Any CPU
		{98D2445E-AFC3-4537-9FA5-99C7E55F87C9}.Debug|Any CPU.Build.0 = Debug|Any CPU
		{98D2445E-AFC3-4537-9FA5-99C7E55F87C9}.Release|Any CPU.ActiveCfg = Release|Any CPU
		{98D2445E-AFC3-4537-9FA5-99C7E55F87C9}.Release|Any CPU.Build.0 = Release|Any CPU
		{190226C8-BA95-455B-A886-6451CD770800}.Debug|Any CPU.ActiveCfg = Debug|Any CPU
		{190226C8-BA95-455B-A886-6451CD770800}.Debug|Any CPU.Build.0 = Debug|Any CPU
		{190226C8-BA95-455B-A886-6451CD770800}.Release|Any CPU.ActiveCfg = Release|Any CPU
		{190226C8-BA95-455B-A886-6451CD770800}.Release|Any CPU.Build.0 = Release|Any CPU
		{139E7585-3D42-4BE7-A1C6-EC6D20CE7BE9}.Debug|Any CPU.ActiveCfg = Debug|Any CPU
		{139E7585-3D42-4BE7-A1C6-EC6D20CE7BE9}.Debug|Any CPU.Build.0 = Debug|Any CPU
		{139E7585-3D42-4BE7-A1C6-EC6D20CE7BE9}.Release|Any CPU.ActiveCfg = Release|Any CPU
		{139E7585-3D42-4BE7-A1C6-EC6D20CE7BE9}.Release|Any CPU.Build.0 = Release|Any CPU
	EndGlobalSection
EndGlobal
